
Microsoft Visual Studio Solution File, Format Version 12.00
# Visual Studio Version 16
VisualStudioVersion = 16.0.29215.179
MinimumVisualStudioVersion = 10.0.40219.1
Project("{9A19103F-16F7-4668-BE54-9A1E7A4F7556}") = "FanOutputLibrary", "OblOpg3.semClassLibrary\FanOutputLibrary.csproj", "{654ADE00-E09C-4E8D-B8EA-F17EB69B6C4F}"
EndProject
Project("{9A19103F-16F7-4668-BE54-9A1E7A4F7556}") = "FanOutputTests", "FanOutputTestProject\FanOutputTests.csproj", "{EA32762D-041E-442A-893E-8C5EC77EC6F5}"
EndProject
Project("{9A19103F-16F7-4668-BE54-9A1E7A4F7556}") = "FanRestService", "RestFanService\FanRestService.csproj", "{3908C80D-0B0E-4857-95B6-0341BFB61C39}"
EndProject
Project("{FAE04EC0-301F-11D3-BF4B-00C04F79EFBC}") = "FanTCPServer", "FanTCPServer\FanTCPServer.csproj", "{AA3EE108-4544-4CCE-8985-43B536A7BD7C}"
EndProject
Global
	GlobalSection(SolutionConfigurationPlatforms) = preSolution
		Debug|Any CPU = Debug|Any CPU
		Release|Any CPU = Release|Any CPU
	EndGlobalSection
	GlobalSection(ProjectConfigurationPlatforms) = postSolution
		{654ADE00-E09C-4E8D-B8EA-F17EB69B6C4F}.Debug|Any CPU.ActiveCfg = Debug|Any CPU
		{654ADE00-E09C-4E8D-B8EA-F17EB69B6C4F}.Debug|Any CPU.Build.0 = Debug|Any CPU
		{654ADE00-E09C-4E8D-B8EA-F17EB69B6C4F}.Release|Any CPU.ActiveCfg = Release|Any CPU
		{654ADE00-E09C-4E8D-B8EA-F17EB69B6C4F}.Release|Any CPU.Build.0 = Release|Any CPU
		{EA32762D-041E-442A-893E-8C5EC77EC6F5}.Debug|Any CPU.ActiveCfg = Debug|Any CPU
		{EA32762D-041E-442A-893E-8C5EC77EC6F5}.Debug|Any CPU.Build.0 = Debug|Any CPU
		{EA32762D-041E-442A-893E-8C5EC77EC6F5}.Release|Any CPU.ActiveCfg = Release|Any CPU
		{EA32762D-041E-442A-893E-8C5EC77EC6F5}.Release|Any CPU.Build.0 = Release|Any CPU
		{3908C80D-0B0E-4857-95B6-0341BFB61C39}.Debug|Any CPU.ActiveCfg = Debug|Any CPU
		{3908C80D-0B0E-4857-95B6-0341BFB61C39}.Debug|Any CPU.Build.0 = Debug|Any CPU
		{3908C80D-0B0E-4857-95B6-0341BFB61C39}.Release|Any CPU.ActiveCfg = Release|Any CPU
		{3908C80D-0B0E-4857-95B6-0341BFB61C39}.Release|Any CPU.Build.0 = Release|Any CPU
		{AA3EE108-4544-4CCE-8985-43B536A7BD7C}.Debug|Any CPU.ActiveCfg = Debug|Any CPU
		{AA3EE108-4544-4CCE-8985-43B536A7BD7C}.Debug|Any CPU.Build.0 = Debug|Any CPU
		{AA3EE108-4544-4CCE-8985-43B536A7BD7C}.Release|Any CPU.ActiveCfg = Release|Any CPU
		{AA3EE108-4544-4CCE-8985-43B536A7BD7C}.Release|Any CPU.Build.0 = Release|Any CPU
	EndGlobalSection
	GlobalSection(SolutionProperties) = preSolution
		HideSolutionNode = FALSE
	EndGlobalSection
	GlobalSection(ExtensibilityGlobals) = postSolution
		SolutionGuid = {7D74D284-C841-4332-826F-5655587C0547}
	EndGlobalSection
EndGlobal
